
Microsoft Visual Studio Solution File, Format Version 12.00
# Visual Studio Version 17
VisualStudioVersion = 17.3.32819.101
MinimumVisualStudioVersion = 10.0.40219.1
Project("{9A19103F-16F7-4668-BE54-9A1E7A4F7556}") = "api", "api\api.csproj", "{10D8F82A-D161-4359-8354-48D3510087CA}"
EndProject
Project("{9A19103F-16F7-4668-BE54-9A1E7A4F7556}") = "api.tests", "api.tests\api.tests.csproj", "{57CED5FB-A0AB-44D0-91A0-245AFAD6B57A}"
EndProject
Global
	GlobalSection(SolutionConfigurationPlatforms) = preSolution
		Debug|Any CPU = Debug|Any CPU
		Release|Any CPU = Release|Any CPU
	EndGlobalSection
	GlobalSection(ProjectConfigurationPlatforms) = postSolution
		{10D8F82A-D161-4359-8354-48D3510087CA}.Debug|Any CPU.ActiveCfg = Debug|Any CPU
		{10D8F82A-D161-4359-8354-48D3510087CA}.Debug|Any CPU.Build.0 = Debug|Any CPU
		{10D8F82A-D161-4359-8354-48D3510087CA}.Release|Any CPU.ActiveCfg = Release|Any CPU
		{10D8F82A-D161-4359-8354-48D3510087CA}.Release|Any CPU.Build.0 = Release|Any CPU
		{57CED5FB-A0AB-44D0-91A0-245AFAD6B57A}.Debug|Any CPU.ActiveCfg = Debug|Any CPU
		{57CED5FB-A0AB-44D0-91A0-245AFAD6B57A}.Debug|Any CPU.Build.0 = Debug|Any CPU
		{57CED5FB-A0AB-44D0-91A0-245AFAD6B57A}.Release|Any CPU.ActiveCfg = Release|Any CPU
		{57CED5FB-A0AB-44D0-91A0-245AFAD6B57A}.Release|Any CPU.Build.0 = Release|Any CPU
	EndGlobalSection
	GlobalSection(SolutionProperties) = preSolution
		HideSolutionNode = FALSE
	EndGlobalSection
	GlobalSection(ExtensibilityGlobals) = postSolution
		SolutionGuid = {2A5D8765-9ED2-4920-B90C-18708E4113AF}
	EndGlobalSection
EndGlobal
